{
  "name": "as-inliner",
  "version": "0.0.2",
  "lockfileVersion": 2,
  "requires": true,
  "packages": {
    "": {
      "version": "0.0.2",
      "license": "Apache-2.0",
      "dependencies": {
        "visitor-as": "^0.4.0"
      },
      "devDependencies": {
        "@types/node": "^14.14.35"
      },
      "peerDependencies": {
        "assemblyscript": "*"
      }
    },
    "node_modules/@types/node": {
      "version": "14.14.35",
      "resolved": "https://registry.npmjs.org/@types/node/-/node-14.14.35.tgz",
      "integrity": "sha512-Lt+wj8NVPx0zUmUwumiVXapmaLUcAk3yPuHCFVXras9k5VT9TdhJqKqGVUQCD60OTMCl0qxJ57OiTL0Mic3Iag==",
      "dev": true
    },
    "node_modules/assemblyscript": {
      "version": "0.13.8",
      "resolved": "https://registry.npmjs.org/assemblyscript/-/assemblyscript-0.13.8.tgz",
      "integrity": "sha512-HOwnJd/Fs88jPuQVA1Waz/njGJfu1tPQCL4hGas3XDvap6xVQUFGxx4hCxn8kFC8kSmVC3MBgFkWz+VPTes7Bw==",
      "peer": true,
      "dependencies": {
        "binaryen": "93.0.0-nightly.20200609",
        "long": "^4.0.0"
      },
      "bin": {
        "asc": "bin/asc",
        "asinit": "bin/asinit"
      },
      "funding": {
        "type": "opencollective",
        "url": "https://opencollective.com/assemblyscript"
      }
    },
    "node_modules/binaryen": {
      "version": "93.0.0-nightly.20200609",
      "resolved": "https://registry.npmjs.org/binaryen/-/binaryen-93.0.0-nightly.20200609.tgz",
      "integrity": "sha512-CIaeav05u+fWRN2h1ecwIoSaOF/Mk6U85M/G6eg1nOHAXYYmOuh9TztF9Fu8krRWnl98J3W+VfDClApMV5zCtw==",
      "peer": true,
      "bin": {
        "wasm-opt": "bin/wasm-opt"
      }
    },
    "node_modules/lodash.clonedeep": {
      "version": "4.5.0",
      "resolved": "https://registry.npmjs.org/lodash.clonedeep/-/lodash.clonedeep-4.5.0.tgz",
      "integrity": "sha1-4j8/nE+Pvd6HJSnBBxhXoIblzO8="
    },
    "node_modules/long": {
      "version": "4.0.0",
      "resolved": "https://registry.npmjs.org/long/-/long-4.0.0.tgz",
      "integrity": "sha512-XsP+KhQif4bjX1kbuSiySJFNAehNxgLb6hPRGJ9QsUr8ajHkuXGdrHmFUTUUXhDwVX2R5bY4JNZEwbUiMhV+MA==",
      "peer": true
    },
    "node_modules/ts-mixer": {
      "version": "5.4.0",
      "resolved": "https://registry.npmjs.org/ts-mixer/-/ts-mixer-5.4.0.tgz",
      "integrity": "sha512-Z5u/hpTkP4VWTIQT5vzxyeFAe8siPkatOC0Q49Uf56ccMGSHosI/IEo+t8BFvJX9yiF111YEOKfKY3m72V7F/w=="
    },
    "node_modules/visitor-as": {
      "version": "0.4.0",
      "resolved": "https://registry.npmjs.org/visitor-as/-/visitor-as-0.4.0.tgz",
      "integrity": "sha512-ey5It5E/CE7xl+PLaHaFqMIOZK8pLwM9m1lHjWZg8//afJ0acBde4aQbpT2+UnJdwPul6738cLYR/HM3Acz90w==",
      "dependencies": {
        "lodash.clonedeep": "^4.5.0",
        "ts-mixer": "^5.1.0"
      },
      "peerDependencies": {
        "assemblyscript": "^0.13.3"
      }
    }
  },
  "dependencies": {
    "@types/node": {
      "version": "14.14.35",
      "resolved": "https://registry.npmjs.org/@types/node/-/node-14.14.35.tgz",
      "integrity": "sha512-Lt+wj8NVPx0zUmUwumiVXapmaLUcAk3yPuHCFVXras9k5VT9TdhJqKqGVUQCD60OTMCl0qxJ57OiTL0Mic3Iag==",
      "dev": true
    },
    "assemblyscript": {
      "version": "0.13.8",
      "resolved": "https://registry.npmjs.org/assemblyscript/-/assemblyscript-0.13.8.tgz",
      "integrity": "sha512-HOwnJd/Fs88jPuQVA1Waz/njGJfu1tPQCL4hGas3XDvap6xVQUFGxx4hCxn8kFC8kSmVC3MBgFkWz+VPTes7Bw==",
      "peer": true,
      "requires": {
        "binaryen": "93.0.0-nightly.20200609",
        "long": "^4.0.0"
      }
    },
    "binaryen": {
      "version": "93.0.0-nightly.20200609",
      "resolved": "https://registry.npmjs.org/binaryen/-/binaryen-93.0.0-nightly.20200609.tgz",
      "integrity": "sha512-CIaeav05u+fWRN2h1ecwIoSaOF/Mk6U85M/G6eg1nOHAXYYmOuh9TztF9Fu8krRWnl98J3W+VfDClApMV5zCtw==",
      "peer": true
    },
    "lodash.clonedeep": {
      "version": "4.5.0",
      "resolved": "https://registry.npmjs.org/lodash.clonedeep/-/lodash.clonedeep-4.5.0.tgz",
      "integrity": "sha1-4j8/nE+Pvd6HJSnBBxhXoIblzO8="
    },
    "long": {
      "version": "4.0.0",
      "resolved": "https://registry.npmjs.org/long/-/long-4.0.0.tgz",
      "integrity": "sha512-XsP+KhQif4bjX1kbuSiySJFNAehNxgLb6hPRGJ9QsUr8ajHkuXGdrHmFUTUUXhDwVX2R5bY4JNZEwbUiMhV+MA==",
      "peer": true
    },
    "ts-mixer": {
      "version": "5.4.0",
      "resolved": "https://registry.npmjs.org/ts-mixer/-/ts-mixer-5.4.0.tgz",
      "integrity": "sha512-Z5u/hpTkP4VWTIQT5vzxyeFAe8siPkatOC0Q49Uf56ccMGSHosI/IEo+t8BFvJX9yiF111YEOKfKY3m72V7F/w=="
    },
    "visitor-as": {
      "version": "0.4.0",
      "resolved": "https://registry.npmjs.org/visitor-as/-/visitor-as-0.4.0.tgz",
      "integrity": "sha512-ey5It5E/CE7xl+PLaHaFqMIOZK8pLwM9m1lHjWZg8//afJ0acBde4aQbpT2+UnJdwPul6738cLYR/HM3Acz90w==",
      "requires": {
        "lodash.clonedeep": "^4.5.0",
        "ts-mixer": "^5.1.0"
      }
    }
  }
}
